
Microsoft Visual Studio Solution File, Format Version 12.00
Project("{FAE04EC0-301F-11D3-BF4B-00C04F79EFBC}") = "ToucheTools", "ToucheTools\ToucheTools.csproj", "{E2BC4B59-2803-4979-B8DD-AA310DFBCA8C}"
EndProject
Project("{2150E333-8FDC-42A3-9474-1A3956D46DE8}") = "_", "_", "{9980617E-768F-4E18-97B7-CDD756C899F0}"
	ProjectSection(SolutionItems) = preProject
		README.md = README.md
		LICENSE = LICENSE
		.gitignore = .gitignore
	EndProjectSection
EndProject
Project("{FAE04EC0-301F-11D3-BF4B-00C04F79EFBC}") = "ToucheTools.App", "ToucheTools.App\ToucheTools.App.csproj", "{6A4A3E90-444E-49B2-A727-7E5F8EEDCDF9}"
EndProject
Project("{2150E333-8FDC-42A3-9474-1A3956D46DE8}") = "Samples", "Samples", "{71230617-C343-45E7-9742-272D54E1AD9D}"
	ProjectSection(SolutionItems) = preProject
		samples\README.md = samples\README.md
	EndProjectSection
EndProject
Project("{2150E333-8FDC-42A3-9474-1A3956D46DE8}") = "Assets", "Assets", "{09325DBB-EC1E-40FD-9857-07296F7CA24E}"
	ProjectSection(SolutionItems) = preProject
		samples\assets\action-menu.png = samples\assets\action-menu.png
		samples\assets\cursor.png = samples\assets\cursor.png
		samples\assets\inventory.png = samples\assets\inventory.png
		samples\assets\README.md = samples\assets\README.md
		samples\assets\char.png = samples\assets\char.png
		samples\assets\room1.png = samples\assets\room1.png
		samples\assets\room2.png = samples\assets\room2.png
		samples\assets\room1.room.json = samples\assets\room1.room.json
		samples\assets\room2.room.json = samples\assets\room2.room.json
	EndProjectSection
EndProject
Project("{FAE04EC0-301F-11D3-BF4B-00C04F79EFBC}") = "ToucheTools.ModApp", "ToucheTools.ModApp\ToucheTools.ModApp.csproj", "{5BA7DF29-3EED-4537-8484-84B7E201456C}"
EndProject
Global
	GlobalSection(SolutionConfigurationPlatforms) = preSolution
		Debug|Any CPU = Debug|Any CPU
		Release|Any CPU = Release|Any CPU
	EndGlobalSection
	GlobalSection(ProjectConfigurationPlatforms) = postSolution
		{E2BC4B59-2803-4979-B8DD-AA310DFBCA8C}.Debug|Any CPU.ActiveCfg = Debug|Any CPU
		{E2BC4B59-2803-4979-B8DD-AA310DFBCA8C}.Debug|Any CPU.Build.0 = Debug|Any CPU
		{E2BC4B59-2803-4979-B8DD-AA310DFBCA8C}.Release|Any CPU.ActiveCfg = Release|Any CPU
		{E2BC4B59-2803-4979-B8DD-AA310DFBCA8C}.Release|Any CPU.Build.0 = Release|Any CPU
		{6A4A3E90-444E-49B2-A727-7E5F8EEDCDF9}.Debug|Any CPU.ActiveCfg = Debug|Any CPU
		{6A4A3E90-444E-49B2-A727-7E5F8EEDCDF9}.Debug|Any CPU.Build.0 = Debug|Any CPU
		{6A4A3E90-444E-49B2-A727-7E5F8EEDCDF9}.Release|Any CPU.ActiveCfg = Release|Any CPU
		{6A4A3E90-444E-49B2-A727-7E5F8EEDCDF9}.Release|Any CPU.Build.0 = Release|Any CPU
		{5BA7DF29-3EED-4537-8484-84B7E201456C}.Debug|Any CPU.ActiveCfg = Debug|Any CPU
		{5BA7DF29-3EED-4537-8484-84B7E201456C}.Debug|Any CPU.Build.0 = Debug|Any CPU
		{5BA7DF29-3EED-4537-8484-84B7E201456C}.Release|Any CPU.ActiveCfg = Release|Any CPU
		{5BA7DF29-3EED-4537-8484-84B7E201456C}.Release|Any CPU.Build.0 = Release|Any CPU
	EndGlobalSection
	GlobalSection(NestedProjects) = preSolution
		{09325DBB-EC1E-40FD-9857-07296F7CA24E} = {71230617-C343-45E7-9742-272D54E1AD9D}
	EndGlobalSection
EndGlobal
