
Microsoft Visual Studio Solution File, Format Version 12.00
Project("{FAE04EC0-301F-11D3-BF4B-00C04F79EFBC}") = "ToucheTools", "ToucheTools\ToucheTools.csproj", "{E2BC4B59-2803-4979-B8DD-AA310DFBCA8C}"
EndProject
Project("{FAE04EC0-301F-11D3-BF4B-00C04F79EFBC}") = "ToucheTools.Console", "ToucheTools.Console\ToucheTools.Console.csproj", "{1D14393A-1E68-4585-82E3-78EF9368372E}"
EndProject
Project("{2150E333-8FDC-42A3-9474-1A3956D46DE8}") = "_", "_", "{9980617E-768F-4E18-97B7-CDD756C899F0}"
	ProjectSection(SolutionItems) = preProject
		TODO = TODO
		README.md = README.md
	EndProjectSection
EndProject
Project("{FAE04EC0-301F-11D3-BF4B-00C04F79EFBC}") = "ToucheTools.Web", "ToucheTools.Web\ToucheTools.Web.csproj", "{B5AF1508-FC06-4117-B796-CD46AB3FC313}"
EndProject
Global
	GlobalSection(SolutionConfigurationPlatforms) = preSolution
		Debug|Any CPU = Debug|Any CPU
		Release|Any CPU = Release|Any CPU
	EndGlobalSection
	GlobalSection(ProjectConfigurationPlatforms) = postSolution
		{E2BC4B59-2803-4979-B8DD-AA310DFBCA8C}.Debug|Any CPU.ActiveCfg = Debug|Any CPU
		{E2BC4B59-2803-4979-B8DD-AA310DFBCA8C}.Debug|Any CPU.Build.0 = Debug|Any CPU
		{E2BC4B59-2803-4979-B8DD-AA310DFBCA8C}.Release|Any CPU.ActiveCfg = Release|Any CPU
		{E2BC4B59-2803-4979-B8DD-AA310DFBCA8C}.Release|Any CPU.Build.0 = Release|Any CPU
		{1D14393A-1E68-4585-82E3-78EF9368372E}.Debug|Any CPU.ActiveCfg = Debug|Any CPU
		{1D14393A-1E68-4585-82E3-78EF9368372E}.Debug|Any CPU.Build.0 = Debug|Any CPU
		{1D14393A-1E68-4585-82E3-78EF9368372E}.Release|Any CPU.ActiveCfg = Release|Any CPU
		{1D14393A-1E68-4585-82E3-78EF9368372E}.Release|Any CPU.Build.0 = Release|Any CPU
		{B5AF1508-FC06-4117-B796-CD46AB3FC313}.Debug|Any CPU.ActiveCfg = Debug|Any CPU
		{B5AF1508-FC06-4117-B796-CD46AB3FC313}.Debug|Any CPU.Build.0 = Debug|Any CPU
		{B5AF1508-FC06-4117-B796-CD46AB3FC313}.Release|Any CPU.ActiveCfg = Release|Any CPU
		{B5AF1508-FC06-4117-B796-CD46AB3FC313}.Release|Any CPU.Build.0 = Release|Any CPU
	EndGlobalSection
EndGlobal
